// !$*UTF8*$!
{
	archiveVersion = 1;
	classes = {
	};
	objectVersion = 55;
	objects = {

/* Begin PBXBuildFile section */
		C70CDD8E290FDD81002ECA40 /* AppDelegate.swift in Sources */ = {isa = PBXBuildFile; fileRef = C70CDD8D290FDD81002ECA40 /* AppDelegate.swift */; };
		C70CDD90290FDD81002ECA40 /* SceneDelegate.swift in Sources */ = {isa = PBXBuildFile; fileRef = C70CDD8F290FDD81002ECA40 /* SceneDelegate.swift */; };
		C70CDD92290FDD81002ECA40 /* ViewController.swift in Sources */ = {isa = PBXBuildFile; fileRef = C70CDD91290FDD81002ECA40 /* ViewController.swift */; };
		C70CDD95290FDD81002ECA40 /* Main.storyboard in Resources */ = {isa = PBXBuildFile; fileRef = C70CDD93290FDD81002ECA40 /* Main.storyboard */; };
		C70CDD97290FDD83002ECA40 /* Assets.xcassets in Resources */ = {isa = PBXBuildFile; fileRef = C70CDD96290FDD83002ECA40 /* Assets.xcassets */; };
		C70CDD9A290FDD83002ECA40 /* LaunchScreen.storyboard in Resources */ = {isa = PBXBuildFile; fileRef = C70CDD98290FDD83002ECA40 /* LaunchScreen.storyboard */; };
		C7CB2C63290FE6B200238DFC /* icecream.json in Resources */ = {isa = PBXBuildFile; fileRef = C7CB2C62290FE6B200238DFC /* icecream.json */; };
		D49A0E619D0FA1F75CAC5097 /* Pods_indicator_bar.framework in Frameworks */ = {isa = PBXBuildFile; fileRef = 7FD4BEDF0F433B8FB81354B4 /* Pods_indicator_bar.framework */; };
/* End PBXBuildFile section */

/* Begin PBXFileReference section */
		5AF62C86AE4DBC19C2535A04 /* Pods-indicator bar.debug.xcconfig */ = {isa = PBXFileReference; includeInIndex = 1; lastKnownFileType = text.xcconfig; name = "Pods-indicator bar.debug.xcconfig"; path = "Target Support Files/Pods-indicator bar/Pods-indicator bar.debug.xcconfig"; sourceTree = "<group>"; };
		6FE871C2D1FD351C2CF388D4 /* Pods-indicator bar.release.xcconfig */ = {isa = PBXFileReference; includeInIndex = 1; lastKnownFileType = text.xcconfig; name = "Pods-indicator bar.release.xcconfig"; path = "Target Support Files/Pods-indicator bar/Pods-indicator bar.release.xcconfig"; sourceTree = "<group>"; };
		7FD4BEDF0F433B8FB81354B4 /* Pods_indicator_bar.framework */ = {isa = PBXFileReference; explicitFileType = wrapper.framework; includeInIndex = 0; path = Pods_indicator_bar.framework; sourceTree = BUILT_PRODUCTS_DIR; };
		C70CDD8A290FDD81002ECA40 /* indicator bar.app */ = {isa = PBXFileReference; explicitFileType = wrapper.application; includeInIndex = 0; path = "indicator bar.app"; sourceTree = BUILT_PRODUCTS_DIR; };
		C70CDD8D290FDD81002ECA40 /* AppDelegate.swift */ = {isa = PBXFileReference; lastKnownFileType = sourcecode.swift; path = AppDelegate.swift; sourceTree = "<group>"; };
		C70CDD8F290FDD81002ECA40 /* SceneDelegate.swift */ = {isa = PBXFileReference; lastKnownFileType = sourcecode.swift; path = SceneDelegate.swift; sourceTree = "<group>"; };
		C70CDD91290FDD81002ECA40 /* ViewController.swift */ = {isa = PBXFileReference; lastKnownFileType = sourcecode.swift; path = ViewController.swift; sourceTree = "<group>"; };
		C70CDD94290FDD81002ECA40 /* Base */ = {isa = PBXFileReference; lastKnownFileType = file.storyboard; name = Base; path = Base.lproj/Main.storyboard; sourceTree = "<group>"; };
		C70CDD96290FDD83002ECA40 /* Assets.xcassets */ = {isa = PBXFileReference; lastKnownFileType = folder.assetcatalog; path = Assets.xcassets; sourceTree = "<group>"; };
		C70CDD99290FDD83002ECA40 /* Base */ = {isa = PBXFileReference; lastKnownFileType = file.storyboard; name = Base; path = Base.lproj/LaunchScreen.storyboard; sourceTree = "<group>"; };
		C70CDD9B290FDD83002ECA40 /* Info.plist */ = {isa = PBXFileReference; lastKnownFileType = text.plist.xml; path = Info.plist; sourceTree = "<group>"; };
		C7CB2C62290FE6B200238DFC /* icecream.json */ = {isa = PBXFileReference; fileEncoding = 4; lastKnownFileType = text.json; name = icecream.json; path = ../../../../Downloads/icecream.json; sourceTree = "<group>"; };
/* End PBXFileReference section */

/* Begin PBXFrameworksBuildPhase section */
		C70CDD87290FDD81002ECA40 /* Frameworks */ = {
			isa = PBXFrameworksBuildPhase;
			buildActionMask = 2147483647;
			files = (
				D49A0E619D0FA1F75CAC5097 /* Pods_indicator_bar.framework in Frameworks */,
			);
			runOnlyForDeploymentPostprocessing = 0;
		};
/* End PBXFrameworksBuildPhase section */

/* Begin PBXGroup section */
		710D99B9574D3839863EF8B2 /* Frameworks */ = {
			isa = PBXGroup;
			children = (
				7FD4BEDF0F433B8FB81354B4 /* Pods_indicator_bar.framework */,
			);
			name = Frameworks;
			sourceTree = "<group>";
		};
		C70CDD81290FDD81002ECA40 = {
			isa = PBXGroup;
			children = (
				C70CDD8C290FDD81002ECA40 /* indicator bar */,
				C70CDD8B290FDD81002ECA40 /* Products */,
				FB9B23B4D8CEE6955D3E196B /* Pods */,
				710D99B9574D3839863EF8B2 /* Frameworks */,
			);
			sourceTree = "<group>";
		};
		C70CDD8B290FDD81002ECA40 /* Products */ = {
			isa = PBXGroup;
			children = (
				C70CDD8A290FDD81002ECA40 /* indicator bar.app */,
			);
			name = Products;
			sourceTree = "<group>";
		};
		C70CDD8C290FDD81002ECA40 /* indicator bar */ = {
			isa = PBXGroup;
			children = (
				C7CB2C62290FE6B200238DFC /* icecream.json */,
				C70CDD8D290FDD81002ECA40 /* AppDelegate.swift */,
				C70CDD8F290FDD81002ECA40 /* SceneDelegate.swift */,
				C70CDD91290FDD81002ECA40 /* ViewController.swift */,
				C70CDD93290FDD81002ECA40 /* Main.storyboard */,
				C70CDD96290FDD83002ECA40 /* Assets.xcassets */,
				C70CDD98290FDD83002ECA40 /* LaunchScreen.storyboard */,
				C70CDD9B290FDD83002ECA40 /* Info.plist */,
			);
			path = "indicator bar";
			sourceTree = "<group>";
		};
		FB9B23B4D8CEE6955D3E196B /* Pods */ = {
			isa = PBXGroup;
			children = (
				5AF62C86AE4DBC19C2535A04 /* Pods-indicator bar.debug.xcconfig */,
				6FE871C2D1FD351C2CF388D4 /* Pods-indicator bar.release.xcconfig */,
			);
			path = Pods;
			sourceTree = "<group>";
		};
/* End PBXGroup section */

/* Begin PBXNativeTarget section */
		C70CDD89290FDD81002ECA40 /* indicator bar */ = {
			isa = PBXNativeTarget;
			buildConfigurationList = C70CDD9E290FDD83002ECA40 /* Build configuration list for PBXNativeTarget "indicator bar" */;
			buildPhases = (
				C39B022EE41ED9CB03B0BE98 /* [CP] Check Pods Manifest.lock */,
				C70CDD86290FDD81002ECA40 /* Sources */,
				C70CDD87290FDD81002ECA40 /* Frameworks */,
				C70CDD88290FDD81002ECA40 /* Resources */,
				547EA056C7E8510695D932A9 /* [CP] Embed Pods Frameworks */,
			);
			buildRules = (
			);
			dependencies = (
			);
			name = "indicator bar";
			productName = "indicator bar";
			productReference = C70CDD8A290FDD81002ECA40 /* indicator bar.app */;
			productType = "com.apple.product-type.application";
		};
/* End PBXNativeTarget section */

/* Begin PBXProject section */
		C70CDD82290FDD81002ECA40 /* Project object */ = {
			isa = PBXProject;
			attributes = {
				BuildIndependentTargetsInParallel = 1;
				LastSwiftUpdateCheck = 1340;
				LastUpgradeCheck = 1340;
				TargetAttributes = {
					C70CDD89290FDD81002ECA40 = {
						CreatedOnToolsVersion = 13.4.1;
					};
				};
			};
			buildConfigurationList = C70CDD85290FDD81002ECA40 /* Build configuration list for PBXProject "indicator bar" */;
			compatibilityVersion = "Xcode 13.0";
			developmentRegion = en;
			hasScannedForEncodings = 0;
			knownRegions = (
				en,
				Base,
			);
			mainGroup = C70CDD81290FDD81002ECA40;
			productRefGroup = C70CDD8B290FDD81002ECA40 /* Products */;
			projectDirPath = "";
			projectRoot = "";
			targets = (
				C70CDD89290FDD81002ECA40 /* indicator bar */,
			);
		};
/* End PBXProject section */

/* Begin PBXResourcesBuildPhase section */
		C70CDD88290FDD81002ECA40 /* Resources */ = {
			isa = PBXResourcesBuildPhase;
			buildActionMask = 2147483647;
			files = (
				C70CDD9A290FDD83002ECA40 /* LaunchScreen.storyboard in Resources */,
				C70CDD97290FDD83002ECA40 /* Assets.xcassets in Resources */,
				C70CDD95290FDD81002ECA40 /* Main.storyboard in Resources */,
				C7CB2C63290FE6B200238DFC /* icecream.json in Resources */,
			);
			runOnlyForDeploymentPostprocessing = 0;
		};
/* End PBXResourcesBuildPhase section */

/* Begin PBXShellScriptBuildPhase section */
		547EA056C7E8510695D932A9 /* [CP] Embed Pods Frameworks */ = {
			isa = PBXShellScriptBuildPhase;
			buildActionMask = 2147483647;
			files = (
			);
			inputFileListPaths = (
				"${PODS_ROOT}/Target Support Files/Pods-indicator bar/Pods-indicator bar-frameworks-${CONFIGURATION}-input-files.xcfilelist",
			);
			name = "[CP] Embed Pods Frameworks";
			outputFileListPaths = (
				"${PODS_ROOT}/Target Support Files/Pods-indicator bar/Pods-indicator bar-frameworks-${CONFIGURATION}-output-files.xcfilelist",
			);
			runOnlyForDeploymentPostprocessing = 0;
			shellPath = /bin/sh;
			shellScript = "\"${PODS_ROOT}/Target Support Files/Pods-indicator bar/Pods-indicator bar-frameworks.sh\"\n";
			showEnvVarsInLog = 0;
		};
		C39B022EE41ED9CB03B0BE98 /* [CP] Check Pods Manifest.lock */ = {
			isa = PBXShellScriptBuildPhase;
			buildActionMask = 2147483647;
			files = (
			);
			inputFileListPaths = (
			);
			inputPaths = (
				"${PODS_PODFILE_DIR_PATH}/Podfile.lock",
				"${PODS_ROOT}/Manifest.lock",
			);
			name = "[CP] Check Pods Manifest.lock";
			outputFileListPaths = (
			);
			outputPaths = (
				"$(DERIVED_FILE_DIR)/Pods-indicator bar-checkManifestLockResult.txt",
			);
			runOnlyForDeploymentPostprocessing = 0;
			shellPath = /bin/sh;
			shellScript = "diff \"${PODS_PODFILE_DIR_PATH}/Podfile.lock\" \"${PODS_ROOT}/Manifest.lock\" > /dev/null\nif [ $? != 0 ] ; then\n    # print error to STDERR\n    echo \"error: The sandbox is not in sync with the Podfile.lock. Run 'pod install' or update your CocoaPods installation.\" >&2\n    exit 1\nfi\n# This output is used by Xcode 'outputs' to avoid re-running this script phase.\necho \"SUCCESS\" > \"${SCRIPT_OUTPUT_FILE_0}\"\n";
			showEnvVarsInLog = 0;
		};
/* End PBXShellScriptBuildPhase section */

/* Begin PBXSourcesBuildPhase section */
		C70CDD86290FDD81002ECA40 /* Sources */ = {
			isa = PBXSourcesBuildPhase;
			buildActionMask = 2147483647;
			files = (
				C70CDD92290FDD81002ECA40 /* ViewController.swift in Sources */,
				C70CDD8E290FDD81002ECA40 /* AppDelegate.swift in Sources */,
				C70CDD90290FDD81002ECA40 /* SceneDelegate.swift in Sources */,
			);
			runOnlyForDeploymentPostprocessing = 0;
		};
/* End PBXSourcesBuildPhase section */

/* Begin PBXVariantGroup section */
		C70CDD93290FDD81002ECA40 /* Main.storyboard */ = {
			isa = PBXVariantGroup;
			children = (
				C70CDD94290FDD81002ECA40 /* Base */,
			);
			name = Main.storyboard;
			sourceTree = "<group>";
		};
		C70CDD98290FDD83002ECA40 /* LaunchScreen.storyboard */ = {
			isa = PBXVariantGroup;
			children = (
				C70CDD99290FDD83002ECA40 /* Base */,
			);
			name = LaunchScreen.storyboard;
			sourceTree = "<group>";
		};
/* End PBXVariantGroup section */

/* Begin XCBuildConfiguration section */
		C70CDD9C290FDD83002ECA40 /* Debug */ = {
			isa = XCBuildConfiguration;
			buildSettings = {
				ALWAYS_SEARCH_USER_PATHS = NO;
				CLANG_ANALYZER_NONNULL = YES;
				CLANG_ANALYZER_NUMBER_OBJECT_CONVERSION = YES_AGGRESSIVE;
				CLANG_CXX_LANGUAGE_STANDARD = "gnu++17";
				CLANG_ENABLE_MODULES = YES;
				CLANG_ENABLE_OBJC_ARC = YES;
				CLANG_ENABLE_OBJC_WEAK = YES;
				CLANG_WARN_BLOCK_CAPTURE_AUTORELEASING = YES;
				CLANG_WARN_BOOL_CONVERSION = YES;
				CLANG_WARN_COMMA = YES;
				CLANG_WARN_CONSTANT_CONVERSION = YES;
				CLANG_WARN_DEPRECATED_OBJC_IMPLEMENTATIONS = YES;
				CLANG_WARN_DIRECT_OBJC_ISA_USAGE = YES_ERROR;
				CLANG_WARN_DOCUMENTATION_COMMENTS = YES;
				CLANG_WARN_EMPTY_BODY = YES;
				CLANG_WARN_ENUM_CONVERSION = YES;
				CLANG_WARN_INFINITE_RECURSION = YES;
				CLANG_WARN_INT_CONVERSION = YES;
				CLANG_WARN_NON_LITERAL_NULL_CONVERSION = YES;
				CLANG_WARN_OBJC_IMPLICIT_RETAIN_SELF = YES;
				CLANG_WARN_OBJC_LITERAL_CONVERSION = YES;
				CLANG_WARN_OBJC_ROOT_CLASS = YES_ERROR;
				CLANG_WARN_QUOTED_INCLUDE_IN_FRAMEWORK_HEADER = YES;
				CLANG_WARN_RANGE_LOOP_ANALYSIS = YES;
				CLANG_WARN_STRICT_PROTOTYPES = YES;
				CLANG_WARN_SUSPICIOUS_MOVE = YES;
				CLANG_WARN_UNGUARDED_AVAILABILITY = YES_AGGRESSIVE;
				CLANG_WARN_UNREACHABLE_CODE = YES;
				CLANG_WARN__DUPLICATE_METHOD_MATCH = YES;
				COPY_PHASE_STRIP = NO;
				DEBUG_INFORMATION_FORMAT = dwarf;
				ENABLE_STRICT_OBJC_MSGSEND = YES;
				ENABLE_TESTABILITY = YES;
				GCC_C_LANGUAGE_STANDARD = gnu11;
				GCC_DYNAMIC_NO_PIC = NO;
				GCC_NO_COMMON_BLOCKS = YES;
				GCC_OPTIMIZATION_LEVEL = 0;
				GCC_PREPROCESSOR_DEFINITIONS = (
					"DEBUG=1",
					"$(inherited)",
				);
				GCC_WARN_64_TO_32_BIT_CONVERSION = YES;
				GCC_WARN_ABOUT_RETURN_TYPE = YES_ERROR;
				GCC_WARN_UNDECLARED_SELECTOR = YES;
				GCC_WARN_UNINITIALIZED_AUTOS = YES_AGGRESSIVE;
				GCC_WARN_UNUSED_FUNCTION = YES;
				GCC_WARN_UNUSED_VARIABLE = YES;
				IPHONEOS_DEPLOYMENT_TARGET = 15.5;
				MTL_ENABLE_DEBUG_INFO = INCLUDE_SOURCE;
				MTL_FAST_MATH = YES;
				ONLY_ACTIVE_ARCH = YES;
				SDKROOT = iphoneos;
				SWIFT_ACTIVE_COMPILATION_CONDITIONS = DEBUG;
				SWIFT_OPTIMIZATION_LEVEL = "-Onone";
			};
			name = Debug;
		};
		C70CDD9D290FDD83002ECA40 /* Release */ = {
			isa = XCBuildConfiguration;
			buildSettings = {
				ALWAYS_SEARCH_USER_PATHS = NO;
				CLANG_ANALYZER_NONNULL = YES;
				CLANG_ANALYZER_NUMBER_OBJECT_CONVERSION = YES_AGGRESSIVE;
				CLANG_CXX_LANGUAGE_STANDARD = "gnu++17";
				CLANG_ENABLE_MODULES = YES;
				CLANG_ENABLE_OBJC_ARC = YES;
				CLANG_ENABLE_OBJC_WEAK = YES;
				CLANG_WARN_BLOCK_CAPTURE_AUTORELEASING = YES;
				CLANG_WARN_BOOL_CONVERSION = YES;
				CLANG_WARN_COMMA = YES;
				CLANG_WARN_CONSTANT_CONVERSION = YES;
				CLANG_WARN_DEPRECATED_OBJC_IMPLEMENTATIONS = YES;
				CLANG_WARN_DIRECT_OBJC_ISA_USAGE = YES_ERROR;
				CLANG_WARN_DOCUMENTATION_COMMENTS = YES;
				CLANG_WARN_EMPTY_BODY = YES;
				CLANG_WARN_ENUM_CONVERSION = YES;
				CLANG_WARN_INFINITE_RECURSION = YES;
				CLANG_WARN_INT_CONVERSION = YES;
				CLANG_WARN_NON_LITERAL_NULL_CONVERSION = YES;
				CLANG_WARN_OBJC_IMPLICIT_RETAIN_SELF = YES;
				CLANG_WARN_OBJC_LITERAL_CONVERSION = YES;
				CLANG_WARN_OBJC_ROOT_CLASS = YES_ERROR;
				CLANG_WARN_QUOTED_INCLUDE_IN_FRAMEWORK_HEADER = YES;
				CLANG_WARN_RANGE_LOOP_ANALYSIS = YES;
				CLANG_WARN_STRICT_PROTOTYPES = YES;
				CLANG_WARN_SUSPICIOUS_MOVE = YES;
				CLANG_WARN_UNGUARDED_AVAILABILITY = YES_AGGRESSIVE;
				CLANG_WARN_UNREACHABLE_CODE = YES;
				CLANG_WARN__DUPLICATE_METHOD_MATCH = YES;
				COPY_PHASE_STRIP = NO;
				DEBUG_INFORMATION_FORMAT = "dwarf-with-dsym";
				ENABLE_NS_ASSERTIONS = NO;
				ENABLE_STRICT_OBJC_MSGSEND = YES;
				GCC_C_LANGUAGE_STANDARD = gnu11;
				GCC_NO_COMMON_BLOCKS = YES;
				GCC_WARN_64_TO_32_BIT_CONVERSION = YES;
				GCC_WARN_ABOUT_RETURN_TYPE = YES_ERROR;
				GCC_WARN_UNDECLARED_SELECTOR = YES;
				GCC_WARN_UNINITIALIZED_AUTOS = YES_AGGRESSIVE;
				GCC_WARN_UNUSED_FUNCTION = YES;
				GCC_WARN_UNUSED_VARIABLE = YES;
				IPHONEOS_DEPLOYMENT_TARGET = 15.5;
				MTL_ENABLE_DEBUG_INFO = NO;
				MTL_FAST_MATH = YES;
				SDKROOT = iphoneos;
				SWIFT_COMPILATION_MODE = wholemodule;
				SWIFT_OPTIMIZATION_LEVEL = "-O";
				VALIDATE_PRODUCT = YES;
			};
			name = Release;
		};
		C70CDD9F290FDD83002ECA40 /* Debug */ = {
			isa = XCBuildConfiguration;
			baseConfigurationReference = 5AF62C86AE4DBC19C2535A04 /* Pods-indicator bar.debug.xcconfig */;
			buildSettings = {
				ASSETCATALOG_COMPILER_APPICON_NAME = AppIcon;
				ASSETCATALOG_COMPILER_GLOBAL_ACCENT_COLOR_NAME = AccentColor;
				CODE_SIGN_STYLE = Automatic;
				CURRENT_PROJECT_VERSION = 1;
				DEVELOPMENT_TEAM = R8ZX684WX2;
				GENERATE_INFOPLIST_FILE = YES;
				INFOPLIST_FILE = "indicator bar/Info.plist";
				INFOPLIST_KEY_UIApplicationSupportsIndirectInputEvents = YES;
				INFOPLIST_KEY_UILaunchStoryboardName = LaunchScreen;
				INFOPLIST_KEY_UIMainStoryboardFile = Main;
				INFOPLIST_KEY_UISupportedInterfaceOrientations_iPad = "UIInterfaceOrientationPortrait UIInterfaceOrientationPortraitUpsideDown UIInterfaceOrientationLandscapeLeft UIInterfaceOrientationLandscapeRight";
				INFOPLIST_KEY_UISupportedInterfaceOrientations_iPhone = "UIInterfaceOrientationPortrait UIInterfaceOrientationLandscapeLeft UIInterfaceOrientationLandscapeRight";
				LD_RUNPATH_SEARCH_PATHS = (
					"$(inherited)",
					"@executable_path/Frameworks",
				);
				MARKETING_VERSION = 1.0;
				PRODUCT_BUNDLE_IDENTIFIER = "com.JKPARK.indicator-bar";
				PRODUCT_NAME = "$(TARGET_NAME)";
				SWIFT_EMIT_LOC_STRINGS = YES;
				SWIFT_VERSION = 5.0;
				TARGETED_DEVICE_FAMILY = "1,2";
			};
			name = Debug;
		};
		C70CDDA0290FDD83002ECA40 /* Release */ = {
			isa = XCBuildConfiguration;
			baseConfigurationReference = 6FE871C2D1FD351C2CF388D4 /* Pods-indicator bar.release.xcconfig */;
			buildSettings = {
				ASSETCATALOG_COMPILER_APPICON_NAME = AppIcon;
				ASSETCATALOG_COMPILER_GLOBAL_ACCENT_COLOR_NAME = AccentColor;
				CODE_SIGN_STYLE = Automatic;
				CURRENT_PROJECT_VERSION = 1;
				DEVELOPMENT_TEAM = R8ZX684WX2;
				GENERATE_INFOPLIST_FILE = YES;
				INFOPLIST_FILE = "indicator bar/Info.plist";
				INFOPLIST_KEY_UIApplicationSupportsIndirectInputEvents = YES;
				INFOPLIST_KEY_UILaunchStoryboardName = LaunchScreen;
				INFOPLIST_KEY_UIMainStoryboardFile = Main;
				INFOPLIST_KEY_UISupportedInterfaceOrientations_iPad = "UIInterfaceOrientationPortrait UIInterfaceOrientationPortraitUpsideDown UIInterfaceOrientationLandscapeLeft UIInterfaceOrientationLandscapeRight";
				INFOPLIST_KEY_UISupportedInterfaceOrientations_iPhone = "UIInterfaceOrientationPortrait UIInterfaceOrientationLandscapeLeft UIInterfaceOrientationLandscapeRight";
				LD_RUNPATH_SEARCH_PATHS = (
					"$(inherited)",
					"@executable_path/Frameworks",
				);
				MARKETING_VERSION = 1.0;
				PRODUCT_BUNDLE_IDENTIFIER = "com.JKPARK.indicator-bar";
				PRODUCT_NAME = "$(TARGET_NAME)";
				SWIFT_EMIT_LOC_STRINGS = YES;
				SWIFT_VERSION = 5.0;
				TARGETED_DEVICE_FAMILY = "1,2";
			};
			name = Release;
		};
/* End XCBuildConfiguration section */

/* Begin XCConfigurationList section */
		C70CDD85290FDD81002ECA40 /* Build configuration list for PBXProject "indicator bar" */ = {
			isa = XCConfigurationList;
			buildConfigurations = (
				C70CDD9C290FDD83002ECA40 /* Debug */,
				C70CDD9D290FDD83002ECA40 /* Release */,
			);
			defaultConfigurationIsVisible = 0;
			defaultConfigurationName = Release;
		};
		C70CDD9E290FDD83002ECA40 /* Build configuration list for PBXNativeTarget "indicator bar" */ = {
			isa = XCConfigurationList;
			buildConfigurations = (
				C70CDD9F290FDD83002ECA40 /* Debug */,
				C70CDDA0290FDD83002ECA40 /* Release */,
			);
			defaultConfigurationIsVisible = 0;
			defaultConfigurationName = Release;
		};
/* End XCConfigurationList section */
	};
	rootObject = C70CDD82290FDD81002ECA40 /* Project object */;
}
