// !$*UTF8*$!
{
	archiveVersion = 1;
	classes = {
	};
	objectVersion = 55;
	objects = {

/* Begin PBXBuildFile section */
		0E3C9BB2889AF05A10419151 /* Pods_week4.framework in Frameworks */ = {isa = PBXBuildFile; fileRef = 1920B760D6DC50619494721A /* Pods_week4.framework */; };
		C7118B7E28FA515100A13174 /* KakaoViewController.swift in Sources */ = {isa = PBXBuildFile; fileRef = C7118B7D28FA515100A13174 /* KakaoViewController.swift */; };
		C7118B8228FA567C00A13174 /* KakaoTalkTableViewCell.swift in Sources */ = {isa = PBXBuildFile; fileRef = C7118B8128FA567C00A13174 /* KakaoTalkTableViewCell.swift */; };
		C73D3978290302FE00630D26 /* SecondViewController.swift in Sources */ = {isa = PBXBuildFile; fileRef = C73D3977290302FE00630D26 /* SecondViewController.swift */; };
		C73D397A2903030300630D26 /* ViewController.swift in Sources */ = {isa = PBXBuildFile; fileRef = C73D39792903030300630D26 /* ViewController.swift */; };
		C73D397C29038D6400630D26 /* refreshIndicator.json in Resources */ = {isa = PBXBuildFile; fileRef = C73D397B29038D6400630D26 /* refreshIndicator.json */; };
		C77D1E5A28F5094C002DD19E /* AppDelegate.swift in Sources */ = {isa = PBXBuildFile; fileRef = C77D1E5928F5094C002DD19E /* AppDelegate.swift */; };
		C77D1E5C28F5094C002DD19E /* SceneDelegate.swift in Sources */ = {isa = PBXBuildFile; fileRef = C77D1E5B28F5094C002DD19E /* SceneDelegate.swift */; };
		C77D1E6128F5094C002DD19E /* Main.storyboard in Resources */ = {isa = PBXBuildFile; fileRef = C77D1E5F28F5094C002DD19E /* Main.storyboard */; };
		C77D1E6328F50950002DD19E /* Assets.xcassets in Resources */ = {isa = PBXBuildFile; fileRef = C77D1E6228F50950002DD19E /* Assets.xcassets */; };
		C77D1E6628F50950002DD19E /* LaunchScreen.storyboard in Resources */ = {isa = PBXBuildFile; fileRef = C77D1E6428F50950002DD19E /* LaunchScreen.storyboard */; };
/* End PBXBuildFile section */

/* Begin PBXFileReference section */
		1920B760D6DC50619494721A /* Pods_week4.framework */ = {isa = PBXFileReference; explicitFileType = wrapper.framework; includeInIndex = 0; path = Pods_week4.framework; sourceTree = BUILT_PRODUCTS_DIR; };
		4CEF328C2CB5076974801E6B /* Pods-week4.debug.xcconfig */ = {isa = PBXFileReference; includeInIndex = 1; lastKnownFileType = text.xcconfig; name = "Pods-week4.debug.xcconfig"; path = "Target Support Files/Pods-week4/Pods-week4.debug.xcconfig"; sourceTree = "<group>"; };
		6DDB7AD408FD1B7285575E99 /* Pods-week4.release.xcconfig */ = {isa = PBXFileReference; includeInIndex = 1; lastKnownFileType = text.xcconfig; name = "Pods-week4.release.xcconfig"; path = "Target Support Files/Pods-week4/Pods-week4.release.xcconfig"; sourceTree = "<group>"; };
		C7118B7D28FA515100A13174 /* KakaoViewController.swift */ = {isa = PBXFileReference; lastKnownFileType = sourcecode.swift; path = KakaoViewController.swift; sourceTree = "<group>"; };
		C7118B8128FA567C00A13174 /* KakaoTalkTableViewCell.swift */ = {isa = PBXFileReference; lastKnownFileType = sourcecode.swift; path = KakaoTalkTableViewCell.swift; sourceTree = "<group>"; };
		C73D3977290302FE00630D26 /* SecondViewController.swift */ = {isa = PBXFileReference; fileEncoding = 4; lastKnownFileType = sourcecode.swift; path = SecondViewController.swift; sourceTree = "<group>"; };
		C73D39792903030300630D26 /* ViewController.swift */ = {isa = PBXFileReference; fileEncoding = 4; lastKnownFileType = sourcecode.swift; path = ViewController.swift; sourceTree = "<group>"; };
		C73D397B29038D6400630D26 /* refreshIndicator.json */ = {isa = PBXFileReference; fileEncoding = 4; lastKnownFileType = text.json; path = refreshIndicator.json; sourceTree = "<group>"; };
		C77D1E5628F5094C002DD19E /* week4.app */ = {isa = PBXFileReference; explicitFileType = wrapper.application; includeInIndex = 0; path = week4.app; sourceTree = BUILT_PRODUCTS_DIR; };
		C77D1E5928F5094C002DD19E /* AppDelegate.swift */ = {isa = PBXFileReference; lastKnownFileType = sourcecode.swift; path = AppDelegate.swift; sourceTree = "<group>"; };
		C77D1E5B28F5094C002DD19E /* SceneDelegate.swift */ = {isa = PBXFileReference; lastKnownFileType = sourcecode.swift; path = SceneDelegate.swift; sourceTree = "<group>"; };
		C77D1E6028F5094C002DD19E /* Base */ = {isa = PBXFileReference; lastKnownFileType = file.storyboard; name = Base; path = Base.lproj/Main.storyboard; sourceTree = "<group>"; };
		C77D1E6228F50950002DD19E /* Assets.xcassets */ = {isa = PBXFileReference; lastKnownFileType = folder.assetcatalog; path = Assets.xcassets; sourceTree = "<group>"; };
		C77D1E6528F50950002DD19E /* Base */ = {isa = PBXFileReference; lastKnownFileType = file.storyboard; name = Base; path = Base.lproj/LaunchScreen.storyboard; sourceTree = "<group>"; };
		C77D1E6728F50950002DD19E /* Info.plist */ = {isa = PBXFileReference; lastKnownFileType = text.plist.xml; path = Info.plist; sourceTree = "<group>"; };
/* End PBXFileReference section */

/* Begin PBXFrameworksBuildPhase section */
		C77D1E5328F5094C002DD19E /* Frameworks */ = {
			isa = PBXFrameworksBuildPhase;
			buildActionMask = 2147483647;
			files = (
				0E3C9BB2889AF05A10419151 /* Pods_week4.framework in Frameworks */,
			);
			runOnlyForDeploymentPostprocessing = 0;
		};
/* End PBXFrameworksBuildPhase section */

/* Begin PBXGroup section */
		3F1F3DF4B834BF0B7B1DA221 /* Pods */ = {
			isa = PBXGroup;
			children = (
				4CEF328C2CB5076974801E6B /* Pods-week4.debug.xcconfig */,
				6DDB7AD408FD1B7285575E99 /* Pods-week4.release.xcconfig */,
			);
			path = Pods;
			sourceTree = "<group>";
		};
		BC73B9E5F331D496D4B8AF13 /* Frameworks */ = {
			isa = PBXGroup;
			children = (
				1920B760D6DC50619494721A /* Pods_week4.framework */,
			);
			name = Frameworks;
			sourceTree = "<group>";
		};
		C77D1E4D28F5094C002DD19E = {
			isa = PBXGroup;
			children = (
				C77D1E5828F5094C002DD19E /* week4 */,
				C77D1E5728F5094C002DD19E /* Products */,
				3F1F3DF4B834BF0B7B1DA221 /* Pods */,
				BC73B9E5F331D496D4B8AF13 /* Frameworks */,
			);
			sourceTree = "<group>";
		};
		C77D1E5728F5094C002DD19E /* Products */ = {
			isa = PBXGroup;
			children = (
				C77D1E5628F5094C002DD19E /* week4.app */,
			);
			name = Products;
			sourceTree = "<group>";
		};
		C77D1E5828F5094C002DD19E /* week4 */ = {
			isa = PBXGroup;
			children = (
				C73D397B29038D6400630D26 /* refreshIndicator.json */,
				C73D39792903030300630D26 /* ViewController.swift */,
				C73D3977290302FE00630D26 /* SecondViewController.swift */,
				C77D1E5928F5094C002DD19E /* AppDelegate.swift */,
				C77D1E5B28F5094C002DD19E /* SceneDelegate.swift */,
				C77D1E5F28F5094C002DD19E /* Main.storyboard */,
				C77D1E6228F50950002DD19E /* Assets.xcassets */,
				C77D1E6428F50950002DD19E /* LaunchScreen.storyboard */,
				C77D1E6728F50950002DD19E /* Info.plist */,
				C7118B7D28FA515100A13174 /* KakaoViewController.swift */,
				C7118B8128FA567C00A13174 /* KakaoTalkTableViewCell.swift */,
			);
			path = week4;
			sourceTree = "<group>";
		};
/* End PBXGroup section */

/* Begin PBXNativeTarget section */
		C77D1E5528F5094C002DD19E /* week4 */ = {
			isa = PBXNativeTarget;
			buildConfigurationList = C77D1E6A28F50950002DD19E /* Build configuration list for PBXNativeTarget "week4" */;
			buildPhases = (
				09B95589CFB96224EE6F64FD /* [CP] Check Pods Manifest.lock */,
				C77D1E5228F5094C002DD19E /* Sources */,
				C77D1E5328F5094C002DD19E /* Frameworks */,
				C77D1E5428F5094C002DD19E /* Resources */,
				D1FE2FC0ECB47B0C6E0E6628 /* [CP] Embed Pods Frameworks */,
			);
			buildRules = (
			);
			dependencies = (
			);
			name = week4;
			productName = week4;
			productReference = C77D1E5628F5094C002DD19E /* week4.app */;
			productType = "com.apple.product-type.application";
		};
/* End PBXNativeTarget section */

/* Begin PBXProject section */
		C77D1E4E28F5094C002DD19E /* Project object */ = {
			isa = PBXProject;
			attributes = {
				BuildIndependentTargetsInParallel = 1;
				LastSwiftUpdateCheck = 1340;
				LastUpgradeCheck = 1340;
				TargetAttributes = {
					C77D1E5528F5094C002DD19E = {
						CreatedOnToolsVersion = 13.4.1;
					};
				};
			};
			buildConfigurationList = C77D1E5128F5094C002DD19E /* Build configuration list for PBXProject "week4" */;
			compatibilityVersion = "Xcode 13.0";
			developmentRegion = en;
			hasScannedForEncodings = 0;
			knownRegions = (
				en,
				Base,
			);
			mainGroup = C77D1E4D28F5094C002DD19E;
			productRefGroup = C77D1E5728F5094C002DD19E /* Products */;
			projectDirPath = "";
			projectRoot = "";
			targets = (
				C77D1E5528F5094C002DD19E /* week4 */,
			);
		};
/* End PBXProject section */

/* Begin PBXResourcesBuildPhase section */
		C77D1E5428F5094C002DD19E /* Resources */ = {
			isa = PBXResourcesBuildPhase;
			buildActionMask = 2147483647;
			files = (
				C77D1E6628F50950002DD19E /* LaunchScreen.storyboard in Resources */,
				C77D1E6328F50950002DD19E /* Assets.xcassets in Resources */,
				C77D1E6128F5094C002DD19E /* Main.storyboard in Resources */,
				C73D397C29038D6400630D26 /* refreshIndicator.json in Resources */,
			);
			runOnlyForDeploymentPostprocessing = 0;
		};
/* End PBXResourcesBuildPhase section */

/* Begin PBXShellScriptBuildPhase section */
		09B95589CFB96224EE6F64FD /* [CP] Check Pods Manifest.lock */ = {
			isa = PBXShellScriptBuildPhase;
			buildActionMask = 2147483647;
			files = (
			);
			inputFileListPaths = (
			);
			inputPaths = (
				"${PODS_PODFILE_DIR_PATH}/Podfile.lock",
				"${PODS_ROOT}/Manifest.lock",
			);
			name = "[CP] Check Pods Manifest.lock";
			outputFileListPaths = (
			);
			outputPaths = (
				"$(DERIVED_FILE_DIR)/Pods-week4-checkManifestLockResult.txt",
			);
			runOnlyForDeploymentPostprocessing = 0;
			shellPath = /bin/sh;
			shellScript = "diff \"${PODS_PODFILE_DIR_PATH}/Podfile.lock\" \"${PODS_ROOT}/Manifest.lock\" > /dev/null\nif [ $? != 0 ] ; then\n    # print error to STDERR\n    echo \"error: The sandbox is not in sync with the Podfile.lock. Run 'pod install' or update your CocoaPods installation.\" >&2\n    exit 1\nfi\n# This output is used by Xcode 'outputs' to avoid re-running this script phase.\necho \"SUCCESS\" > \"${SCRIPT_OUTPUT_FILE_0}\"\n";
			showEnvVarsInLog = 0;
		};
		D1FE2FC0ECB47B0C6E0E6628 /* [CP] Embed Pods Frameworks */ = {
			isa = PBXShellScriptBuildPhase;
			buildActionMask = 2147483647;
			files = (
			);
			inputFileListPaths = (
				"${PODS_ROOT}/Target Support Files/Pods-week4/Pods-week4-frameworks-${CONFIGURATION}-input-files.xcfilelist",
			);
			name = "[CP] Embed Pods Frameworks";
			outputFileListPaths = (
				"${PODS_ROOT}/Target Support Files/Pods-week4/Pods-week4-frameworks-${CONFIGURATION}-output-files.xcfilelist",
			);
			runOnlyForDeploymentPostprocessing = 0;
			shellPath = /bin/sh;
			shellScript = "\"${PODS_ROOT}/Target Support Files/Pods-week4/Pods-week4-frameworks.sh\"\n";
			showEnvVarsInLog = 0;
		};
/* End PBXShellScriptBuildPhase section */

/* Begin PBXSourcesBuildPhase section */
		C77D1E5228F5094C002DD19E /* Sources */ = {
			isa = PBXSourcesBuildPhase;
			buildActionMask = 2147483647;
			files = (
				C73D397A2903030300630D26 /* ViewController.swift in Sources */,
				C7118B8228FA567C00A13174 /* KakaoTalkTableViewCell.swift in Sources */,
				C77D1E5A28F5094C002DD19E /* AppDelegate.swift in Sources */,
				C7118B7E28FA515100A13174 /* KakaoViewController.swift in Sources */,
				C73D3978290302FE00630D26 /* SecondViewController.swift in Sources */,
				C77D1E5C28F5094C002DD19E /* SceneDelegate.swift in Sources */,
			);
			runOnlyForDeploymentPostprocessing = 0;
		};
/* End PBXSourcesBuildPhase section */

/* Begin PBXVariantGroup section */
		C77D1E5F28F5094C002DD19E /* Main.storyboard */ = {
			isa = PBXVariantGroup;
			children = (
				C77D1E6028F5094C002DD19E /* Base */,
			);
			name = Main.storyboard;
			sourceTree = "<group>";
		};
		C77D1E6428F50950002DD19E /* LaunchScreen.storyboard */ = {
			isa = PBXVariantGroup;
			children = (
				C77D1E6528F50950002DD19E /* Base */,
			);
			name = LaunchScreen.storyboard;
			sourceTree = "<group>";
		};
/* End PBXVariantGroup section */

/* Begin XCBuildConfiguration section */
		C77D1E6828F50950002DD19E /* Debug */ = {
			isa = XCBuildConfiguration;
			buildSettings = {
				ALWAYS_SEARCH_USER_PATHS = NO;
				CLANG_ANALYZER_NONNULL = YES;
				CLANG_ANALYZER_NUMBER_OBJECT_CONVERSION = YES_AGGRESSIVE;
				CLANG_CXX_LANGUAGE_STANDARD = "gnu++17";
				CLANG_ENABLE_MODULES = YES;
				CLANG_ENABLE_OBJC_ARC = YES;
				CLANG_ENABLE_OBJC_WEAK = YES;
				CLANG_WARN_BLOCK_CAPTURE_AUTORELEASING = YES;
				CLANG_WARN_BOOL_CONVERSION = YES;
				CLANG_WARN_COMMA = YES;
				CLANG_WARN_CONSTANT_CONVERSION = YES;
				CLANG_WARN_DEPRECATED_OBJC_IMPLEMENTATIONS = YES;
				CLANG_WARN_DIRECT_OBJC_ISA_USAGE = YES_ERROR;
				CLANG_WARN_DOCUMENTATION_COMMENTS = YES;
				CLANG_WARN_EMPTY_BODY = YES;
				CLANG_WARN_ENUM_CONVERSION = YES;
				CLANG_WARN_INFINITE_RECURSION = YES;
				CLANG_WARN_INT_CONVERSION = YES;
				CLANG_WARN_NON_LITERAL_NULL_CONVERSION = YES;
				CLANG_WARN_OBJC_IMPLICIT_RETAIN_SELF = YES;
				CLANG_WARN_OBJC_LITERAL_CONVERSION = YES;
				CLANG_WARN_OBJC_ROOT_CLASS = YES_ERROR;
				CLANG_WARN_QUOTED_INCLUDE_IN_FRAMEWORK_HEADER = YES;
				CLANG_WARN_RANGE_LOOP_ANALYSIS = YES;
				CLANG_WARN_STRICT_PROTOTYPES = YES;
				CLANG_WARN_SUSPICIOUS_MOVE = YES;
				CLANG_WARN_UNGUARDED_AVAILABILITY = YES_AGGRESSIVE;
				CLANG_WARN_UNREACHABLE_CODE = YES;
				CLANG_WARN__DUPLICATE_METHOD_MATCH = YES;
				COPY_PHASE_STRIP = NO;
				DEBUG_INFORMATION_FORMAT = dwarf;
				ENABLE_STRICT_OBJC_MSGSEND = YES;
				ENABLE_TESTABILITY = YES;
				GCC_C_LANGUAGE_STANDARD = gnu11;
				GCC_DYNAMIC_NO_PIC = NO;
				GCC_NO_COMMON_BLOCKS = YES;
				GCC_OPTIMIZATION_LEVEL = 0;
				GCC_PREPROCESSOR_DEFINITIONS = (
					"DEBUG=1",
					"$(inherited)",
				);
				GCC_WARN_64_TO_32_BIT_CONVERSION = YES;
				GCC_WARN_ABOUT_RETURN_TYPE = YES_ERROR;
				GCC_WARN_UNDECLARED_SELECTOR = YES;
				GCC_WARN_UNINITIALIZED_AUTOS = YES_AGGRESSIVE;
				GCC_WARN_UNUSED_FUNCTION = YES;
				GCC_WARN_UNUSED_VARIABLE = YES;
				IPHONEOS_DEPLOYMENT_TARGET = 15.5;
				MTL_ENABLE_DEBUG_INFO = INCLUDE_SOURCE;
				MTL_FAST_MATH = YES;
				ONLY_ACTIVE_ARCH = YES;
				SDKROOT = iphoneos;
				SWIFT_ACTIVE_COMPILATION_CONDITIONS = DEBUG;
				SWIFT_OPTIMIZATION_LEVEL = "-Onone";
			};
			name = Debug;
		};
		C77D1E6928F50950002DD19E /* Release */ = {
			isa = XCBuildConfiguration;
			buildSettings = {
				ALWAYS_SEARCH_USER_PATHS = NO;
				CLANG_ANALYZER_NONNULL = YES;
				CLANG_ANALYZER_NUMBER_OBJECT_CONVERSION = YES_AGGRESSIVE;
				CLANG_CXX_LANGUAGE_STANDARD = "gnu++17";
				CLANG_ENABLE_MODULES = YES;
				CLANG_ENABLE_OBJC_ARC = YES;
				CLANG_ENABLE_OBJC_WEAK = YES;
				CLANG_WARN_BLOCK_CAPTURE_AUTORELEASING = YES;
				CLANG_WARN_BOOL_CONVERSION = YES;
				CLANG_WARN_COMMA = YES;
				CLANG_WARN_CONSTANT_CONVERSION = YES;
				CLANG_WARN_DEPRECATED_OBJC_IMPLEMENTATIONS = YES;
				CLANG_WARN_DIRECT_OBJC_ISA_USAGE = YES_ERROR;
				CLANG_WARN_DOCUMENTATION_COMMENTS = YES;
				CLANG_WARN_EMPTY_BODY = YES;
				CLANG_WARN_ENUM_CONVERSION = YES;
				CLANG_WARN_INFINITE_RECURSION = YES;
				CLANG_WARN_INT_CONVERSION = YES;
				CLANG_WARN_NON_LITERAL_NULL_CONVERSION = YES;
				CLANG_WARN_OBJC_IMPLICIT_RETAIN_SELF = YES;
				CLANG_WARN_OBJC_LITERAL_CONVERSION = YES;
				CLANG_WARN_OBJC_ROOT_CLASS = YES_ERROR;
				CLANG_WARN_QUOTED_INCLUDE_IN_FRAMEWORK_HEADER = YES;
				CLANG_WARN_RANGE_LOOP_ANALYSIS = YES;
				CLANG_WARN_STRICT_PROTOTYPES = YES;
				CLANG_WARN_SUSPICIOUS_MOVE = YES;
				CLANG_WARN_UNGUARDED_AVAILABILITY = YES_AGGRESSIVE;
				CLANG_WARN_UNREACHABLE_CODE = YES;
				CLANG_WARN__DUPLICATE_METHOD_MATCH = YES;
				COPY_PHASE_STRIP = NO;
				DEBUG_INFORMATION_FORMAT = "dwarf-with-dsym";
				ENABLE_NS_ASSERTIONS = NO;
				ENABLE_STRICT_OBJC_MSGSEND = YES;
				GCC_C_LANGUAGE_STANDARD = gnu11;
				GCC_NO_COMMON_BLOCKS = YES;
				GCC_WARN_64_TO_32_BIT_CONVERSION = YES;
				GCC_WARN_ABOUT_RETURN_TYPE = YES_ERROR;
				GCC_WARN_UNDECLARED_SELECTOR = YES;
				GCC_WARN_UNINITIALIZED_AUTOS = YES_AGGRESSIVE;
				GCC_WARN_UNUSED_FUNCTION = YES;
				GCC_WARN_UNUSED_VARIABLE = YES;
				IPHONEOS_DEPLOYMENT_TARGET = 15.5;
				MTL_ENABLE_DEBUG_INFO = NO;
				MTL_FAST_MATH = YES;
				SDKROOT = iphoneos;
				SWIFT_COMPILATION_MODE = wholemodule;
				SWIFT_OPTIMIZATION_LEVEL = "-O";
				VALIDATE_PRODUCT = YES;
			};
			name = Release;
		};
		C77D1E6B28F50950002DD19E /* Debug */ = {
			isa = XCBuildConfiguration;
			baseConfigurationReference = 4CEF328C2CB5076974801E6B /* Pods-week4.debug.xcconfig */;
			buildSettings = {
				ASSETCATALOG_COMPILER_APPICON_NAME = AppIcon;
				ASSETCATALOG_COMPILER_GLOBAL_ACCENT_COLOR_NAME = AccentColor;
				CODE_SIGN_STYLE = Automatic;
				CURRENT_PROJECT_VERSION = 1;
				DEVELOPMENT_TEAM = R8ZX684WX2;
				GENERATE_INFOPLIST_FILE = YES;
				INFOPLIST_FILE = week4/Info.plist;
				INFOPLIST_KEY_UIApplicationSupportsIndirectInputEvents = YES;
				INFOPLIST_KEY_UILaunchStoryboardName = LaunchScreen;
				INFOPLIST_KEY_UIMainStoryboardFile = Main;
				INFOPLIST_KEY_UISupportedInterfaceOrientations_iPad = "UIInterfaceOrientationPortrait UIInterfaceOrientationPortraitUpsideDown UIInterfaceOrientationLandscapeLeft UIInterfaceOrientationLandscapeRight";
				INFOPLIST_KEY_UISupportedInterfaceOrientations_iPhone = "UIInterfaceOrientationPortrait UIInterfaceOrientationLandscapeLeft UIInterfaceOrientationLandscapeRight";
				LD_RUNPATH_SEARCH_PATHS = (
					"$(inherited)",
					"@executable_path/Frameworks",
				);
				MARKETING_VERSION = 1.0;
				PRODUCT_BUNDLE_IDENTIFIER = com.JKPARK.week4;
				PRODUCT_NAME = "$(TARGET_NAME)";
				SWIFT_EMIT_LOC_STRINGS = YES;
				SWIFT_VERSION = 5.0;
				TARGETED_DEVICE_FAMILY = "1,2";
			};
			name = Debug;
		};
		C77D1E6C28F50950002DD19E /* Release */ = {
			isa = XCBuildConfiguration;
			baseConfigurationReference = 6DDB7AD408FD1B7285575E99 /* Pods-week4.release.xcconfig */;
			buildSettings = {
				ASSETCATALOG_COMPILER_APPICON_NAME = AppIcon;
				ASSETCATALOG_COMPILER_GLOBAL_ACCENT_COLOR_NAME = AccentColor;
				CODE_SIGN_STYLE = Automatic;
				CURRENT_PROJECT_VERSION = 1;
				DEVELOPMENT_TEAM = R8ZX684WX2;
				GENERATE_INFOPLIST_FILE = YES;
				INFOPLIST_FILE = week4/Info.plist;
				INFOPLIST_KEY_UIApplicationSupportsIndirectInputEvents = YES;
				INFOPLIST_KEY_UILaunchStoryboardName = LaunchScreen;
				INFOPLIST_KEY_UIMainStoryboardFile = Main;
				INFOPLIST_KEY_UISupportedInterfaceOrientations_iPad = "UIInterfaceOrientationPortrait UIInterfaceOrientationPortraitUpsideDown UIInterfaceOrientationLandscapeLeft UIInterfaceOrientationLandscapeRight";
				INFOPLIST_KEY_UISupportedInterfaceOrientations_iPhone = "UIInterfaceOrientationPortrait UIInterfaceOrientationLandscapeLeft UIInterfaceOrientationLandscapeRight";
				LD_RUNPATH_SEARCH_PATHS = (
					"$(inherited)",
					"@executable_path/Frameworks",
				);
				MARKETING_VERSION = 1.0;
				PRODUCT_BUNDLE_IDENTIFIER = com.JKPARK.week4;
				PRODUCT_NAME = "$(TARGET_NAME)";
				SWIFT_EMIT_LOC_STRINGS = YES;
				SWIFT_VERSION = 5.0;
				TARGETED_DEVICE_FAMILY = "1,2";
			};
			name = Release;
		};
/* End XCBuildConfiguration section */

/* Begin XCConfigurationList section */
		C77D1E5128F5094C002DD19E /* Build configuration list for PBXProject "week4" */ = {
			isa = XCConfigurationList;
			buildConfigurations = (
				C77D1E6828F50950002DD19E /* Debug */,
				C77D1E6928F50950002DD19E /* Release */,
			);
			defaultConfigurationIsVisible = 0;
			defaultConfigurationName = Release;
		};
		C77D1E6A28F50950002DD19E /* Build configuration list for PBXNativeTarget "week4" */ = {
			isa = XCConfigurationList;
			buildConfigurations = (
				C77D1E6B28F50950002DD19E /* Debug */,
				C77D1E6C28F50950002DD19E /* Release */,
			);
			defaultConfigurationIsVisible = 0;
			defaultConfigurationName = Release;
		};
/* End XCConfigurationList section */
	};
	rootObject = C77D1E4E28F5094C002DD19E /* Project object */;
}
